// !$*UTF8*$!
{
	archiveVersion = 1;
	classes = {
	};
	objectVersion = 50;
	objects = {

/* Begin PBXBuildFile section */
		68158BB020F5D6E40022D56B /* AppDelegate.m in Sources */ = {isa = PBXBuildFile; fileRef = 68158BAF20F5D6E40022D56B /* AppDelegate.m */; };
		68158BB320F5D6E40022D56B /* ViewController.m in Sources */ = {isa = PBXBuildFile; fileRef = 68158BB220F5D6E40022D56B /* ViewController.m */; };
		68158BB620F5D6E40022D56B /* Main.storyboard in Resources */ = {isa = PBXBuildFile; fileRef = 68158BB420F5D6E40022D56B /* Main.storyboard */; };
		68158BB820F5D6E70022D56B /* Assets.xcassets in Resources */ = {isa = PBXBuildFile; fileRef = 68158BB720F5D6E70022D56B /* Assets.xcassets */; };
		68158BBB20F5D6E70022D56B /* LaunchScreen.storyboard in Resources */ = {isa = PBXBuildFile; fileRef = 68158BB920F5D6E70022D56B /* LaunchScreen.storyboard */; };
		68158BBE20F5D6E70022D56B /* main.m in Sources */ = {isa = PBXBuildFile; fileRef = 68158BBD20F5D6E70022D56B /* main.m */; };
		68158BC820F5D6E70022D56B /* LPExceptionTests.m in Sources */ = {isa = PBXBuildFile; fileRef = 68158BC720F5D6E70022D56B /* LPExceptionTests.m */; };
		68158BD320F5D6E70022D56B /* LPExceptionUITests.m in Sources */ = {isa = PBXBuildFile; fileRef = 68158BD220F5D6E70022D56B /* LPExceptionUITests.m */; };
		68158BE320F5D7750022D56B /* LPSignalException.m in Sources */ = {isa = PBXBuildFile; fileRef = 68158BE220F5D7750022D56B /* LPSignalException.m */; };
		68158BE620F5DB710022D56B /* LPCaughtException.m in Sources */ = {isa = PBXBuildFile; fileRef = 68158BE520F5DB710022D56B /* LPCaughtException.m */; };
		68158BE920F5DB7E0022D56B /* ExceptionModel.m in Sources */ = {isa = PBXBuildFile; fileRef = 68158BE820F5DB7E0022D56B /* ExceptionModel.m */; };
		68158BEC20F5DB960022D56B /* LPPublicException.m in Sources */ = {isa = PBXBuildFile; fileRef = 68158BEB20F5DB960022D56B /* LPPublicException.m */; };
/* End PBXBuildFile section */

/* Begin PBXContainerItemProxy section */
		68158BC420F5D6E70022D56B /* PBXContainerItemProxy */ = {
			isa = PBXContainerItemProxy;
			containerPortal = 68158BA320F5D6E40022D56B /* Project object */;
			proxyType = 1;
			remoteGlobalIDString = 68158BAA20F5D6E40022D56B;
			remoteInfo = LPException;
		};
		68158BCF20F5D6E70022D56B /* PBXContainerItemProxy */ = {
			isa = PBXContainerItemProxy;
			containerPortal = 68158BA320F5D6E40022D56B /* Project object */;
			proxyType = 1;
			remoteGlobalIDString = 68158BAA20F5D6E40022D56B;
			remoteInfo = LPException;
		};
/* End PBXContainerItemProxy section */

/* Begin PBXFileReference section */
		68158BAB20F5D6E40022D56B /* LPException.app */ = {isa = PBXFileReference; explicitFileType = wrapper.application; includeInIndex = 0; path = LPException.app; sourceTree = BUILT_PRODUCTS_DIR; };
		68158BAE20F5D6E40022D56B /* AppDelegate.h */ = {isa = PBXFileReference; lastKnownFileType = sourcecode.c.h; path = AppDelegate.h; sourceTree = "<group>"; };
		68158BAF20F5D6E40022D56B /* AppDelegate.m */ = {isa = PBXFileReference; lastKnownFileType = sourcecode.c.objc; path = AppDelegate.m; sourceTree = "<group>"; };
		68158BB120F5D6E40022D56B /* ViewController.h */ = {isa = PBXFileReference; lastKnownFileType = sourcecode.c.h; path = ViewController.h; sourceTree = "<group>"; };
		68158BB220F5D6E40022D56B /* ViewController.m */ = {isa = PBXFileReference; lastKnownFileType = sourcecode.c.objc; path = ViewController.m; sourceTree = "<group>"; };
		68158BB520F5D6E40022D56B /* Base */ = {isa = PBXFileReference; lastKnownFileType = file.storyboard; name = Base; path = Base.lproj/Main.storyboard; sourceTree = "<group>"; };
		68158BB720F5D6E70022D56B /* Assets.xcassets */ = {isa = PBXFileReference; lastKnownFileType = folder.assetcatalog; path = Assets.xcassets; sourceTree = "<group>"; };
		68158BBA20F5D6E70022D56B /* Base */ = {isa = PBXFileReference; lastKnownFileType = file.storyboard; name = Base; path = Base.lproj/LaunchScreen.storyboard; sourceTree = "<group>"; };
		68158BBC20F5D6E70022D56B /* Info.plist */ = {isa = PBXFileReference; lastKnownFileType = text.plist.xml; path = Info.plist; sourceTree = "<group>"; };
		68158BBD20F5D6E70022D56B /* main.m */ = {isa = PBXFileReference; lastKnownFileType = sourcecode.c.objc; path = main.m; sourceTree = "<group>"; };
		68158BC320F5D6E70022D56B /* LPExceptionTests.xctest */ = {isa = PBXFileReference; explicitFileType = wrapper.cfbundle; includeInIndex = 0; path = LPExceptionTests.xctest; sourceTree = BUILT_PRODUCTS_DIR; };
		68158BC720F5D6E70022D56B /* LPExceptionTests.m */ = {isa = PBXFileReference; lastKnownFileType = sourcecode.c.objc; path = LPExceptionTests.m; sourceTree = "<group>"; };
		68158BC920F5D6E70022D56B /* Info.plist */ = {isa = PBXFileReference; lastKnownFileType = text.plist.xml; path = Info.plist; sourceTree = "<group>"; };
		68158BCE20F5D6E70022D56B /* LPExceptionUITests.xctest */ = {isa = PBXFileReference; explicitFileType = wrapper.cfbundle; includeInIndex = 0; path = LPExceptionUITests.xctest; sourceTree = BUILT_PRODUCTS_DIR; };
		68158BD220F5D6E70022D56B /* LPExceptionUITests.m */ = {isa = PBXFileReference; lastKnownFileType = sourcecode.c.objc; path = LPExceptionUITests.m; sourceTree = "<group>"; };
		68158BD420F5D6E70022D56B /* Info.plist */ = {isa = PBXFileReference; lastKnownFileType = text.plist.xml; path = Info.plist; sourceTree = "<group>"; };
		68158BE120F5D7750022D56B /* LPSignalException.h */ = {isa = PBXFileReference; lastKnownFileType = sourcecode.c.h; path = LPSignalException.h; sourceTree = "<group>"; };
		68158BE220F5D7750022D56B /* LPSignalException.m */ = {isa = PBXFileReference; lastKnownFileType = sourcecode.c.objc; path = LPSignalException.m; sourceTree = "<group>"; };
		68158BE420F5DB710022D56B /* LPCaughtException.h */ = {isa = PBXFileReference; lastKnownFileType = sourcecode.c.h; path = LPCaughtException.h; sourceTree = "<group>"; };
		68158BE520F5DB710022D56B /* LPCaughtException.m */ = {isa = PBXFileReference; lastKnownFileType = sourcecode.c.objc; path = LPCaughtException.m; sourceTree = "<group>"; };
		68158BE720F5DB7E0022D56B /* ExceptionModel.h */ = {isa = PBXFileReference; lastKnownFileType = sourcecode.c.h; path = ExceptionModel.h; sourceTree = "<group>"; };
		68158BE820F5DB7E0022D56B /* ExceptionModel.m */ = {isa = PBXFileReference; lastKnownFileType = sourcecode.c.objc; path = ExceptionModel.m; sourceTree = "<group>"; };
		68158BEA20F5DB960022D56B /* LPPublicException.h */ = {isa = PBXFileReference; lastKnownFileType = sourcecode.c.h; path = LPPublicException.h; sourceTree = "<group>"; };
		68158BEB20F5DB960022D56B /* LPPublicException.m */ = {isa = PBXFileReference; lastKnownFileType = sourcecode.c.objc; path = LPPublicException.m; sourceTree = "<group>"; };
/* End PBXFileReference section */

/* Begin PBXFrameworksBuildPhase section */
		68158BA820F5D6E40022D56B /* Frameworks */ = {
			isa = PBXFrameworksBuildPhase;
			buildActionMask = 2147483647;
			files = (
			);
			runOnlyForDeploymentPostprocessing = 0;
		};
		68158BC020F5D6E70022D56B /* Frameworks */ = {
			isa = PBXFrameworksBuildPhase;
			buildActionMask = 2147483647;
			files = (
			);
			runOnlyForDeploymentPostprocessing = 0;
		};
		68158BCB20F5D6E70022D56B /* Frameworks */ = {
			isa = PBXFrameworksBuildPhase;
			buildActionMask = 2147483647;
			files = (
			);
			runOnlyForDeploymentPostprocessing = 0;
		};
/* End PBXFrameworksBuildPhase section */

/* Begin PBXGroup section */
		68158BA220F5D6E40022D56B = {
			isa = PBXGroup;
			children = (
				68158BAD20F5D6E40022D56B /* LPException */,
				68158BC620F5D6E70022D56B /* LPExceptionTests */,
				68158BD120F5D6E70022D56B /* LPExceptionUITests */,
				68158BAC20F5D6E40022D56B /* Products */,
			);
			sourceTree = "<group>";
		};
		68158BAC20F5D6E40022D56B /* Products */ = {
			isa = PBXGroup;
			children = (
				68158BAB20F5D6E40022D56B /* LPException.app */,
				68158BC320F5D6E70022D56B /* LPExceptionTests.xctest */,
				68158BCE20F5D6E70022D56B /* LPExceptionUITests.xctest */,
			);
			name = Products;
			sourceTree = "<group>";
		};
		68158BAD20F5D6E40022D56B /* LPException */ = {
			isa = PBXGroup;
			children = (
				68158BE020F5D71D0022D56B /* exception */,
				68158BAE20F5D6E40022D56B /* AppDelegate.h */,
				68158BAF20F5D6E40022D56B /* AppDelegate.m */,
				68158BB120F5D6E40022D56B /* ViewController.h */,
				68158BB220F5D6E40022D56B /* ViewController.m */,
				68158BB420F5D6E40022D56B /* Main.storyboard */,
				68158BB720F5D6E70022D56B /* Assets.xcassets */,
				68158BB920F5D6E70022D56B /* LaunchScreen.storyboard */,
				68158BBC20F5D6E70022D56B /* Info.plist */,
				68158BBD20F5D6E70022D56B /* main.m */,
			);
			path = LPException;
			sourceTree = "<group>";
		};
		68158BC620F5D6E70022D56B /* LPExceptionTests */ = {
			isa = PBXGroup;
			children = (
				68158BC720F5D6E70022D56B /* LPExceptionTests.m */,
				68158BC920F5D6E70022D56B /* Info.plist */,
			);
			path = LPExceptionTests;
			sourceTree = "<group>";
		};
		68158BD120F5D6E70022D56B /* LPExceptionUITests */ = {
			isa = PBXGroup;
			children = (
				68158BD220F5D6E70022D56B /* LPExceptionUITests.m */,
				68158BD420F5D6E70022D56B /* Info.plist */,
			);
			path = LPExceptionUITests;
			sourceTree = "<group>";
		};
		68158BE020F5D71D0022D56B /* exception */ = {
			isa = PBXGroup;
			children = (
				68158BE120F5D7750022D56B /* LPSignalException.h */,
				68158BE220F5D7750022D56B /* LPSignalException.m */,
				68158BE420F5DB710022D56B /* LPCaughtException.h */,
				68158BE520F5DB710022D56B /* LPCaughtException.m */,
				68158BE720F5DB7E0022D56B /* ExceptionModel.h */,
				68158BE820F5DB7E0022D56B /* ExceptionModel.m */,
				68158BEA20F5DB960022D56B /* LPPublicException.h */,
				68158BEB20F5DB960022D56B /* LPPublicException.m */,
			);
			path = exception;
			sourceTree = "<group>";
		};
/* End PBXGroup section */

/* Begin PBXNativeTarget section */
		68158BAA20F5D6E40022D56B /* LPException */ = {
			isa = PBXNativeTarget;
			buildConfigurationList = 68158BD720F5D6E70022D56B /* Build configuration list for PBXNativeTarget "LPException" */;
			buildPhases = (
				68158BA720F5D6E40022D56B /* Sources */,
				68158BA820F5D6E40022D56B /* Frameworks */,
				68158BA920F5D6E40022D56B /* Resources */,
			);
			buildRules = (
			);
			dependencies = (
			);
			name = LPException;
			productName = LPException;
			productReference = 68158BAB20F5D6E40022D56B /* LPException.app */;
			productType = "com.apple.product-type.application";
		};
		68158BC220F5D6E70022D56B /* LPExceptionTests */ = {
			isa = PBXNativeTarget;
			buildConfigurationList = 68158BDA20F5D6E70022D56B /* Build configuration list for PBXNativeTarget "LPExceptionTests" */;
			buildPhases = (
				68158BBF20F5D6E70022D56B /* Sources */,
				68158BC020F5D6E70022D56B /* Frameworks */,
				68158BC120F5D6E70022D56B /* Resources */,
			);
			buildRules = (
			);
			dependencies = (
				68158BC520F5D6E70022D56B /* PBXTargetDependency */,
			);
			name = LPExceptionTests;
			productName = LPExceptionTests;
			productReference = 68158BC320F5D6E70022D56B /* LPExceptionTests.xctest */;
			productType = "com.apple.product-type.bundle.unit-test";
		};
		68158BCD20F5D6E70022D56B /* LPExceptionUITests */ = {
			isa = PBXNativeTarget;
			buildConfigurationList = 68158BDD20F5D6E70022D56B /* Build configuration list for PBXNativeTarget "LPExceptionUITests" */;
			buildPhases = (
				68158BCA20F5D6E70022D56B /* Sources */,
				68158BCB20F5D6E70022D56B /* Frameworks */,
				68158BCC20F5D6E70022D56B /* Resources */,
			);
			buildRules = (
			);
			dependencies = (
				68158BD020F5D6E70022D56B /* PBXTargetDependency */,
			);
			name = LPExceptionUITests;
			productName = LPExceptionUITests;
			productReference = 68158BCE20F5D6E70022D56B /* LPExceptionUITests.xctest */;
			productType = "com.apple.product-type.bundle.ui-testing";
		};
/* End PBXNativeTarget section */

/* Begin PBXProject section */
		68158BA320F5D6E40022D56B /* Project object */ = {
			isa = PBXProject;
			attributes = {
				LastUpgradeCheck = 0940;
				ORGANIZATIONNAME = LP;
				TargetAttributes = {
					68158BAA20F5D6E40022D56B = {
						CreatedOnToolsVersion = 9.4;
					};
					68158BC220F5D6E70022D56B = {
						CreatedOnToolsVersion = 9.4;
						TestTargetID = 68158BAA20F5D6E40022D56B;
					};
					68158BCD20F5D6E70022D56B = {
						CreatedOnToolsVersion = 9.4;
						TestTargetID = 68158BAA20F5D6E40022D56B;
					};
				};
			};
			buildConfigurationList = 68158BA620F5D6E40022D56B /* Build configuration list for PBXProject "LPException" */;
			compatibilityVersion = "Xcode 9.3";
			developmentRegion = en;
			hasScannedForEncodings = 0;
			knownRegions = (
				en,
				Base,
			);
			mainGroup = 68158BA220F5D6E40022D56B;
			productRefGroup = 68158BAC20F5D6E40022D56B /* Products */;
			projectDirPath = "";
			projectRoot = "";
			targets = (
				68158BAA20F5D6E40022D56B /* LPException */,
				68158BC220F5D6E70022D56B /* LPExceptionTests */,
				68158BCD20F5D6E70022D56B /* LPExceptionUITests */,
			);
		};
/* End PBXProject section */

/* Begin PBXResourcesBuildPhase section */
		68158BA920F5D6E40022D56B /* Resources */ = {
			isa = PBXResourcesBuildPhase;
			buildActionMask = 2147483647;
			files = (
				68158BBB20F5D6E70022D56B /* LaunchScreen.storyboard in Resources */,
				68158BB820F5D6E70022D56B /* Assets.xcassets in Resources */,
				68158BB620F5D6E40022D56B /* Main.storyboard in Resources */,
			);
			runOnlyForDeploymentPostprocessing = 0;
		};
		68158BC120F5D6E70022D56B /* Resources */ = {
			isa = PBXResourcesBuildPhase;
			buildActionMask = 2147483647;
			files = (
			);
			runOnlyForDeploymentPostprocessing = 0;
		};
		68158BCC20F5D6E70022D56B /* Resources */ = {
			isa = PBXResourcesBuildPhase;
			buildActionMask = 2147483647;
			files = (
			);
			runOnlyForDeploymentPostprocessing = 0;
		};
/* End PBXResourcesBuildPhase section */

/* Begin PBXSourcesBuildPhase section */
		68158BA720F5D6E40022D56B /* Sources */ = {
			isa = PBXSourcesBuildPhase;
			buildActionMask = 2147483647;
			files = (
				68158BB320F5D6E40022D56B /* ViewController.m in Sources */,
				68158BBE20F5D6E70022D56B /* main.m in Sources */,
				68158BB020F5D6E40022D56B /* AppDelegate.m in Sources */,
				68158BE920F5DB7E0022D56B /* ExceptionModel.m in Sources */,
				68158BE320F5D7750022D56B /* LPSignalException.m in Sources */,
				68158BEC20F5DB960022D56B /* LPPublicException.m in Sources */,
				68158BE620F5DB710022D56B /* LPCaughtException.m in Sources */,
			);
			runOnlyForDeploymentPostprocessing = 0;
		};
		68158BBF20F5D6E70022D56B /* Sources */ = {
			isa = PBXSourcesBuildPhase;
			buildActionMask = 2147483647;
			files = (
				68158BC820F5D6E70022D56B /* LPExceptionTests.m in Sources */,
			);
			runOnlyForDeploymentPostprocessing = 0;
		};
		68158BCA20F5D6E70022D56B /* Sources */ = {
			isa = PBXSourcesBuildPhase;
			buildActionMask = 2147483647;
			files = (
				68158BD320F5D6E70022D56B /* LPExceptionUITests.m in Sources */,
			);
			runOnlyForDeploymentPostprocessing = 0;
		};
/* End PBXSourcesBuildPhase section */

/* Begin PBXTargetDependency section */
		68158BC520F5D6E70022D56B /* PBXTargetDependency */ = {
			isa = PBXTargetDependency;
			target = 68158BAA20F5D6E40022D56B /* LPException */;
			targetProxy = 68158BC420F5D6E70022D56B /* PBXContainerItemProxy */;
		};
		68158BD020F5D6E70022D56B /* PBXTargetDependency */ = {
			isa = PBXTargetDependency;
			target = 68158BAA20F5D6E40022D56B /* LPException */;
			targetProxy = 68158BCF20F5D6E70022D56B /* PBXContainerItemProxy */;
		};
/* End PBXTargetDependency section */

/* Begin PBXVariantGroup section */
		68158BB420F5D6E40022D56B /* Main.storyboard */ = {
			isa = PBXVariantGroup;
			children = (
				68158BB520F5D6E40022D56B /* Base */,
			);
			name = Main.storyboard;
			sourceTree = "<group>";
		};
		68158BB920F5D6E70022D56B /* LaunchScreen.storyboard */ = {
			isa = PBXVariantGroup;
			children = (
				68158BBA20F5D6E70022D56B /* Base */,
			);
			name = LaunchScreen.storyboard;
			sourceTree = "<group>";
		};
/* End PBXVariantGroup section */

/* Begin XCBuildConfiguration section */
		68158BD520F5D6E70022D56B /* Debug */ = {
			isa = XCBuildConfiguration;
			buildSettings = {
				ALWAYS_SEARCH_USER_PATHS = NO;
				CLANG_ANALYZER_NONNULL = YES;
				CLANG_ANALYZER_NUMBER_OBJECT_CONVERSION = YES_AGGRESSIVE;
				CLANG_CXX_LANGUAGE_STANDARD = "gnu++14";
				CLANG_CXX_LIBRARY = "libc++";
				CLANG_ENABLE_MODULES = YES;
				CLANG_ENABLE_OBJC_ARC = YES;
				CLANG_ENABLE_OBJC_WEAK = YES;
				CLANG_WARN_BLOCK_CAPTURE_AUTORELEASING = YES;
				CLANG_WARN_BOOL_CONVERSION = YES;
				CLANG_WARN_COMMA = YES;
				CLANG_WARN_CONSTANT_CONVERSION = YES;
				CLANG_WARN_DEPRECATED_OBJC_IMPLEMENTATIONS = YES;
				CLANG_WARN_DIRECT_OBJC_ISA_USAGE = YES_ERROR;
				CLANG_WARN_DOCUMENTATION_COMMENTS = YES;
				CLANG_WARN_EMPTY_BODY = YES;
				CLANG_WARN_ENUM_CONVERSION = YES;
				CLANG_WARN_INFINITE_RECURSION = YES;
				CLANG_WARN_INT_CONVERSION = YES;
				CLANG_WARN_NON_LITERAL_NULL_CONVERSION = YES;
				CLANG_WARN_OBJC_IMPLICIT_RETAIN_SELF = YES;
				CLANG_WARN_OBJC_LITERAL_CONVERSION = YES;
				CLANG_WARN_OBJC_ROOT_CLASS = YES_ERROR;
				CLANG_WARN_RANGE_LOOP_ANALYSIS = YES;
				CLANG_WARN_STRICT_PROTOTYPES = YES;
				CLANG_WARN_SUSPICIOUS_MOVE = YES;
				CLANG_WARN_UNGUARDED_AVAILABILITY = YES_AGGRESSIVE;
				CLANG_WARN_UNREACHABLE_CODE = YES;
				CLANG_WARN__DUPLICATE_METHOD_MATCH = YES;
				CODE_SIGN_IDENTITY = "iPhone Developer";
				COPY_PHASE_STRIP = NO;
				DEBUG_INFORMATION_FORMAT = dwarf;
				ENABLE_STRICT_OBJC_MSGSEND = YES;
				ENABLE_TESTABILITY = YES;
				GCC_C_LANGUAGE_STANDARD = gnu11;
				GCC_DYNAMIC_NO_PIC = NO;
				GCC_NO_COMMON_BLOCKS = YES;
				GCC_OPTIMIZATION_LEVEL = 0;
				GCC_PREPROCESSOR_DEFINITIONS = (
					"DEBUG=1",
					"$(inherited)",
				);
				GCC_WARN_64_TO_32_BIT_CONVERSION = YES;
				GCC_WARN_ABOUT_RETURN_TYPE = YES_ERROR;
				GCC_WARN_UNDECLARED_SELECTOR = YES;
				GCC_WARN_UNINITIALIZED_AUTOS = YES_AGGRESSIVE;
				GCC_WARN_UNUSED_FUNCTION = YES;
				GCC_WARN_UNUSED_VARIABLE = YES;
				IPHONEOS_DEPLOYMENT_TARGET = 11.4;
				MTL_ENABLE_DEBUG_INFO = YES;
				ONLY_ACTIVE_ARCH = YES;
				SDKROOT = iphoneos;
			};
			name = Debug;
		};
		68158BD620F5D6E70022D56B /* Release */ = {
			isa = XCBuildConfiguration;
			buildSettings = {
				ALWAYS_SEARCH_USER_PATHS = NO;
				CLANG_ANALYZER_NONNULL = YES;
				CLANG_ANALYZER_NUMBER_OBJECT_CONVERSION = YES_AGGRESSIVE;
				CLANG_CXX_LANGUAGE_STANDARD = "gnu++14";
				CLANG_CXX_LIBRARY = "libc++";
				CLANG_ENABLE_MODULES = YES;
				CLANG_ENABLE_OBJC_ARC = YES;
				CLANG_ENABLE_OBJC_WEAK = YES;
				CLANG_WARN_BLOCK_CAPTURE_AUTORELEASING = YES;
				CLANG_WARN_BOOL_CONVERSION = YES;
				CLANG_WARN_COMMA = YES;
				CLANG_WARN_CONSTANT_CONVERSION = YES;
				CLANG_WARN_DEPRECATED_OBJC_IMPLEMENTATIONS = YES;
				CLANG_WARN_DIRECT_OBJC_ISA_USAGE = YES_ERROR;
				CLANG_WARN_DOCUMENTATION_COMMENTS = YES;
				CLANG_WARN_EMPTY_BODY = YES;
				CLANG_WARN_ENUM_CONVERSION = YES;
				CLANG_WARN_INFINITE_RECURSION = YES;
				CLANG_WARN_INT_CONVERSION = YES;
				CLANG_WARN_NON_LITERAL_NULL_CONVERSION = YES;
				CLANG_WARN_OBJC_IMPLICIT_RETAIN_SELF = YES;
				CLANG_WARN_OBJC_LITERAL_CONVERSION = YES;
				CLANG_WARN_OBJC_ROOT_CLASS = YES_ERROR;
				CLANG_WARN_RANGE_LOOP_ANALYSIS = YES;
				CLANG_WARN_STRICT_PROTOTYPES = YES;
				CLANG_WARN_SUSPICIOUS_MOVE = YES;
				CLANG_WARN_UNGUARDED_AVAILABILITY = YES_AGGRESSIVE;
				CLANG_WARN_UNREACHABLE_CODE = YES;
				CLANG_WARN__DUPLICATE_METHOD_MATCH = YES;
				CODE_SIGN_IDENTITY = "iPhone Developer";
				COPY_PHASE_STRIP = NO;
				DEBUG_INFORMATION_FORMAT = "dwarf-with-dsym";
				ENABLE_NS_ASSERTIONS = NO;
				ENABLE_STRICT_OBJC_MSGSEND = YES;
				GCC_C_LANGUAGE_STANDARD = gnu11;
				GCC_NO_COMMON_BLOCKS = YES;
				GCC_WARN_64_TO_32_BIT_CONVERSION = YES;
				GCC_WARN_ABOUT_RETURN_TYPE = YES_ERROR;
				GCC_WARN_UNDECLARED_SELECTOR = YES;
				GCC_WARN_UNINITIALIZED_AUTOS = YES_AGGRESSIVE;
				GCC_WARN_UNUSED_FUNCTION = YES;
				GCC_WARN_UNUSED_VARIABLE = YES;
				IPHONEOS_DEPLOYMENT_TARGET = 11.4;
				MTL_ENABLE_DEBUG_INFO = NO;
				SDKROOT = iphoneos;
				VALIDATE_PRODUCT = YES;
			};
			name = Release;
		};
		68158BD820F5D6E70022D56B /* Debug */ = {
			isa = XCBuildConfiguration;
			buildSettings = {
				ASSETCATALOG_COMPILER_APPICON_NAME = AppIcon;
				CODE_SIGN_STYLE = Automatic;
				INFOPLIST_FILE = LPException/Info.plist;
				LD_RUNPATH_SEARCH_PATHS = (
					"$(inherited)",
					"@executable_path/Frameworks",
				);
				PRODUCT_BUNDLE_IDENTIFIER = com.pill.LPException;
				PRODUCT_NAME = "$(TARGET_NAME)";
				TARGETED_DEVICE_FAMILY = "1,2";
			};
			name = Debug;
		};
		68158BD920F5D6E70022D56B /* Release */ = {
			isa = XCBuildConfiguration;
			buildSettings = {
				ASSETCATALOG_COMPILER_APPICON_NAME = AppIcon;
				CODE_SIGN_STYLE = Automatic;
				INFOPLIST_FILE = LPException/Info.plist;
				LD_RUNPATH_SEARCH_PATHS = (
					"$(inherited)",
					"@executable_path/Frameworks",
				);
				PRODUCT_BUNDLE_IDENTIFIER = com.pill.LPException;
				PRODUCT_NAME = "$(TARGET_NAME)";
				TARGETED_DEVICE_FAMILY = "1,2";
			};
			name = Release;
		};
		68158BDB20F5D6E70022D56B /* Debug */ = {
			isa = XCBuildConfiguration;
			buildSettings = {
				BUNDLE_LOADER = "$(TEST_HOST)";
				CODE_SIGN_STYLE = Automatic;
				INFOPLIST_FILE = LPExceptionTests/Info.plist;
				LD_RUNPATH_SEARCH_PATHS = (
					"$(inherited)",
					"@executable_path/Frameworks",
					"@loader_path/Frameworks",
				);
				PRODUCT_BUNDLE_IDENTIFIER = com.pill.LPExceptionTests;
				PRODUCT_NAME = "$(TARGET_NAME)";
				TARGETED_DEVICE_FAMILY = "1,2";
				TEST_HOST = "$(BUILT_PRODUCTS_DIR)/LPException.app/LPException";
			};
			name = Debug;
		};
		68158BDC20F5D6E70022D56B /* Release */ = {
			isa = XCBuildConfiguration;
			buildSettings = {
				BUNDLE_LOADER = "$(TEST_HOST)";
				CODE_SIGN_STYLE = Automatic;
				INFOPLIST_FILE = LPExceptionTests/Info.plist;
				LD_RUNPATH_SEARCH_PATHS = (
					"$(inherited)",
					"@executable_path/Frameworks",
					"@loader_path/Frameworks",
				);
				PRODUCT_BUNDLE_IDENTIFIER = com.pill.LPExceptionTests;
				PRODUCT_NAME = "$(TARGET_NAME)";
				TARGETED_DEVICE_FAMILY = "1,2";
				TEST_HOST = "$(BUILT_PRODUCTS_DIR)/LPException.app/LPException";
			};
			name = Release;
		};
		68158BDE20F5D6E70022D56B /* Debug */ = {
			isa = XCBuildConfiguration;
			buildSettings = {
				CODE_SIGN_STYLE = Automatic;
				INFOPLIST_FILE = LPExceptionUITests/Info.plist;
				LD_RUNPATH_SEARCH_PATHS = (
					"$(inherited)",
					"@executable_path/Frameworks",
					"@loader_path/Frameworks",
				);
				PRODUCT_BUNDLE_IDENTIFIER = com.pill.LPExceptionUITests;
				PRODUCT_NAME = "$(TARGET_NAME)";
				TARGETED_DEVICE_FAMILY = "1,2";
				TEST_TARGET_NAME = LPException;
			};
			name = Debug;
		};
		68158BDF20F5D6E70022D56B /* Release */ = {
			isa = XCBuildConfiguration;
			buildSettings = {
				CODE_SIGN_STYLE = Automatic;
				INFOPLIST_FILE = LPExceptionUITests/Info.plist;
				LD_RUNPATH_SEARCH_PATHS = (
					"$(inherited)",
					"@executable_path/Frameworks",
					"@loader_path/Frameworks",
				);
				PRODUCT_BUNDLE_IDENTIFIER = com.pill.LPExceptionUITests;
				PRODUCT_NAME = "$(TARGET_NAME)";
				TARGETED_DEVICE_FAMILY = "1,2";
				TEST_TARGET_NAME = LPException;
			};
			name = Release;
		};
/* End XCBuildConfiguration section */

/* Begin XCConfigurationList section */
		68158BA620F5D6E40022D56B /* Build configuration list for PBXProject "LPException" */ = {
			isa = XCConfigurationList;
			buildConfigurations = (
				68158BD520F5D6E70022D56B /* Debug */,
				68158BD620F5D6E70022D56B /* Release */,
			);
			defaultConfigurationIsVisible = 0;
			defaultConfigurationName = Release;
		};
		68158BD720F5D6E70022D56B /* Build configuration list for PBXNativeTarget "LPException" */ = {
			isa = XCConfigurationList;
			buildConfigurations = (
				68158BD820F5D6E70022D56B /* Debug */,
				68158BD920F5D6E70022D56B /* Release */,
			);
			defaultConfigurationIsVisible = 0;
			defaultConfigurationName = Release;
		};
		68158BDA20F5D6E70022D56B /* Build configuration list for PBXNativeTarget "LPExceptionTests" */ = {
			isa = XCConfigurationList;
			buildConfigurations = (
				68158BDB20F5D6E70022D56B /* Debug */,
				68158BDC20F5D6E70022D56B /* Release */,
			);
			defaultConfigurationIsVisible = 0;
			defaultConfigurationName = Release;
		};
		68158BDD20F5D6E70022D56B /* Build configuration list for PBXNativeTarget "LPExceptionUITests" */ = {
			isa = XCConfigurationList;
			buildConfigurations = (
				68158BDE20F5D6E70022D56B /* Debug */,
				68158BDF20F5D6E70022D56B /* Release */,
			);
			defaultConfigurationIsVisible = 0;
			defaultConfigurationName = Release;
		};
/* End XCConfigurationList section */
	};
	rootObject = 68158BA320F5D6E40022D56B /* Project object */;
}
